// !$*UTF8*$!
{
	archiveVersion = 1;
	classes = {
	};
	objectVersion = 46;
	objects = {

/* Begin PBXBuildFile section */
		0E072A9414E10E2E00E59FCF /* AppDelegate.m in Sources */ = {isa = PBXBuildFile; fileRef = 0E072A7A14E10E2E00E59FCF /* AppDelegate.m */; };
		0E072A9514E10E2E00E59FCF /* AppDatabase+KMImageCache.m in Sources */ = {isa = PBXBuildFile; fileRef = 0E072A7D14E10E2E00E59FCF /* AppDatabase+KMImageCache.m */; };
		0E072A9614E10E2E00E59FCF /* CachedImage.m in Sources */ = {isa = PBXBuildFile; fileRef = 0E072A7F14E10E2E00E59FCF /* CachedImage.m */; };
		0E072A9714E10E2E00E59FCF /* ImageCacheManager.m in Sources */ = {isa = PBXBuildFile; fileRef = 0E072A8114E10E2E00E59FCF /* ImageCacheManager.m */; };
		0E072A9814E10E2E00E59FCF /* KMImageCacheViewController.m in Sources */ = {isa = PBXBuildFile; fileRef = 0E072A8314E10E2E00E59FCF /* KMImageCacheViewController.m */; };
		0E072A9914E10E2E00E59FCF /* KMImageCacheViewController.xib in Resources */ = {isa = PBXBuildFile; fileRef = 0E072A8414E10E2E00E59FCF /* KMImageCacheViewController.xib */; };
		0E072A9A14E10E2E00E59FCF /* InfoPlist.strings in Resources */ = {isa = PBXBuildFile; fileRef = 0E072A8514E10E2E00E59FCF /* InfoPlist.strings */; };
		0E072A9D14E10E2E00E59FCF /* main.m in Sources */ = {isa = PBXBuildFile; fileRef = 0E072A8C14E10E2E00E59FCF /* main.m */; };
		0E072A9E14E10E2E00E59FCF /* AppDatabase.m in Sources */ = {isa = PBXBuildFile; fileRef = 0E072A8F14E10E2E00E59FCF /* AppDatabase.m */; };
		0E072A9F14E10E2E00E59FCF /* MojoDatabase.m in Sources */ = {isa = PBXBuildFile; fileRef = 0E072A9114E10E2E00E59FCF /* MojoDatabase.m */; };
		0E072AA014E10E2E00E59FCF /* MojoModel.m in Sources */ = {isa = PBXBuildFile; fileRef = 0E072A9314E10E2E00E59FCF /* MojoModel.m */; };
		0E072AA414E10E5A00E59FCF /* KMImageCache.m in Sources */ = {isa = PBXBuildFile; fileRef = 0E072AA314E10E5A00E59FCF /* KMImageCache.m */; };
		0E7C03ED14E0F47500C39FEB /* UIKit.framework in Frameworks */ = {isa = PBXBuildFile; fileRef = 0E7C03EC14E0F47500C39FEB /* UIKit.framework */; };
		0E7C03EF14E0F47500C39FEB /* Foundation.framework in Frameworks */ = {isa = PBXBuildFile; fileRef = 0E7C03EE14E0F47500C39FEB /* Foundation.framework */; };
		0E7C03F114E0F47500C39FEB /* CoreGraphics.framework in Frameworks */ = {isa = PBXBuildFile; fileRef = 0E7C03F014E0F47500C39FEB /* CoreGraphics.framework */; };
		0E7C043814E0FD7C00C39FEB /* libsqlite3.0.dylib in Frameworks */ = {isa = PBXBuildFile; fileRef = 0E7C043714E0FD7C00C39FEB /* libsqlite3.0.dylib */; };
/* End PBXBuildFile section */

/* Begin PBXFileReference section */
		0E072A7914E10E2E00E59FCF /* AppDelegate.h */ = {isa = PBXFileReference; fileEncoding = 4; lastKnownFileType = sourcecode.c.h; path = AppDelegate.h; sourceTree = "<group>"; };
		0E072A7A14E10E2E00E59FCF /* AppDelegate.m */ = {isa = PBXFileReference; fileEncoding = 4; lastKnownFileType = sourcecode.c.objc; path = AppDelegate.m; sourceTree = "<group>"; };
		0E072A7C14E10E2E00E59FCF /* AppDatabase+KMImageCache.h */ = {isa = PBXFileReference; fileEncoding = 4; lastKnownFileType = sourcecode.c.h; path = "AppDatabase+KMImageCache.h"; sourceTree = "<group>"; };
		0E072A7D14E10E2E00E59FCF /* AppDatabase+KMImageCache.m */ = {isa = PBXFileReference; fileEncoding = 4; lastKnownFileType = sourcecode.c.objc; path = "AppDatabase+KMImageCache.m"; sourceTree = "<group>"; };
		0E072A7E14E10E2E00E59FCF /* CachedImage.h */ = {isa = PBXFileReference; fileEncoding = 4; lastKnownFileType = sourcecode.c.h; path = CachedImage.h; sourceTree = "<group>"; };
		0E072A7F14E10E2E00E59FCF /* CachedImage.m */ = {isa = PBXFileReference; fileEncoding = 4; lastKnownFileType = sourcecode.c.objc; path = CachedImage.m; sourceTree = "<group>"; };
		0E072A8014E10E2E00E59FCF /* ImageCacheManager.h */ = {isa = PBXFileReference; fileEncoding = 4; lastKnownFileType = sourcecode.c.h; path = ImageCacheManager.h; sourceTree = "<group>"; };
		0E072A8114E10E2E00E59FCF /* ImageCacheManager.m */ = {isa = PBXFileReference; fileEncoding = 4; lastKnownFileType = sourcecode.c.objc; path = ImageCacheManager.m; sourceTree = "<group>"; };
		0E072A8214E10E2E00E59FCF /* KMImageCacheViewController.h */ = {isa = PBXFileReference; fileEncoding = 4; lastKnownFileType = sourcecode.c.h; path = KMImageCacheViewController.h; sourceTree = "<group>"; };
		0E072A8314E10E2E00E59FCF /* KMImageCacheViewController.m */ = {isa = PBXFileReference; fileEncoding = 4; lastKnownFileType = sourcecode.c.objc; path = KMImageCacheViewController.m; sourceTree = "<group>"; };
		0E072A8414E10E2E00E59FCF /* KMImageCacheViewController.xib */ = {isa = PBXFileReference; fileEncoding = 4; lastKnownFileType = file.xib; path = KMImageCacheViewController.xib; sourceTree = "<group>"; };
		0E072A8614E10E2E00E59FCF /* en */ = {isa = PBXFileReference; lastKnownFileType = text.plist.strings; name = en; path = en.lproj/InfoPlist.strings; sourceTree = "<group>"; };
		0E072A8A14E10E2E00E59FCF /* KMImageCache-Info.plist */ = {isa = PBXFileReference; fileEncoding = 4; lastKnownFileType = text.plist.xml; path = "KMImageCache-Info.plist"; sourceTree = "<group>"; };
		0E072A8B14E10E2E00E59FCF /* KMImageCache-Prefix.pch */ = {isa = PBXFileReference; fileEncoding = 4; lastKnownFileType = sourcecode.c.h; path = "KMImageCache-Prefix.pch"; sourceTree = "<group>"; };
		0E072A8C14E10E2E00E59FCF /* main.m */ = {isa = PBXFileReference; fileEncoding = 4; lastKnownFileType = sourcecode.c.objc; path = main.m; sourceTree = "<group>"; };
		0E072A8E14E10E2E00E59FCF /* AppDatabase.h */ = {isa = PBXFileReference; fileEncoding = 4; lastKnownFileType = sourcecode.c.h; path = AppDatabase.h; sourceTree = "<group>"; };
		0E072A8F14E10E2E00E59FCF /* AppDatabase.m */ = {isa = PBXFileReference; fileEncoding = 4; lastKnownFileType = sourcecode.c.objc; path = AppDatabase.m; sourceTree = "<group>"; };
		0E072A9014E10E2E00E59FCF /* MojoDatabase.h */ = {isa = PBXFileReference; fileEncoding = 4; lastKnownFileType = sourcecode.c.h; path = MojoDatabase.h; sourceTree = "<group>"; };
		0E072A9114E10E2E00E59FCF /* MojoDatabase.m */ = {isa = PBXFileReference; fileEncoding = 4; lastKnownFileType = sourcecode.c.objc; path = MojoDatabase.m; sourceTree = "<group>"; };
		0E072A9214E10E2E00E59FCF /* MojoModel.h */ = {isa = PBXFileReference; fileEncoding = 4; lastKnownFileType = sourcecode.c.h; path = MojoModel.h; sourceTree = "<group>"; };
		0E072A9314E10E2E00E59FCF /* MojoModel.m */ = {isa = PBXFileReference; fileEncoding = 4; lastKnownFileType = sourcecode.c.objc; path = MojoModel.m; sourceTree = "<group>"; };
		0E072AA214E10E5A00E59FCF /* KMImageCache.h */ = {isa = PBXFileReference; fileEncoding = 4; lastKnownFileType = sourcecode.c.h; path = KMImageCache.h; sourceTree = "<group>"; };
		0E072AA314E10E5A00E59FCF /* KMImageCache.m */ = {isa = PBXFileReference; fileEncoding = 4; lastKnownFileType = sourcecode.c.objc; path = KMImageCache.m; sourceTree = "<group>"; };
		0E7C03E814E0F47500C39FEB /* KMImageCache.app */ = {isa = PBXFileReference; explicitFileType = wrapper.application; includeInIndex = 0; path = KMImageCache.app; sourceTree = BUILT_PRODUCTS_DIR; };
		0E7C03EC14E0F47500C39FEB /* UIKit.framework */ = {isa = PBXFileReference; lastKnownFileType = wrapper.framework; name = UIKit.framework; path = System/Library/Frameworks/UIKit.framework; sourceTree = SDKROOT; };
		0E7C03EE14E0F47500C39FEB /* Foundation.framework */ = {isa = PBXFileReference; lastKnownFileType = wrapper.framework; name = Foundation.framework; path = System/Library/Frameworks/Foundation.framework; sourceTree = SDKROOT; };
		0E7C03F014E0F47500C39FEB /* CoreGraphics.framework */ = {isa = PBXFileReference; lastKnownFileType = wrapper.framework; name = CoreGraphics.framework; path = System/Library/Frameworks/CoreGraphics.framework; sourceTree = SDKROOT; };
		0E7C043714E0FD7C00C39FEB /* libsqlite3.0.dylib */ = {isa = PBXFileReference; lastKnownFileType = "compiled.mach-o.dylib"; name = libsqlite3.0.dylib; path = usr/lib/libsqlite3.0.dylib; sourceTree = SDKROOT; };
/* End PBXFileReference section */

/* Begin PBXFrameworksBuildPhase section */
		0E7C03E514E0F47500C39FEB /* Frameworks */ = {
			isa = PBXFrameworksBuildPhase;
			buildActionMask = 2147483647;
			files = (
				0E7C043814E0FD7C00C39FEB /* libsqlite3.0.dylib in Frameworks */,
				0E7C03ED14E0F47500C39FEB /* UIKit.framework in Frameworks */,
				0E7C03EF14E0F47500C39FEB /* Foundation.framework in Frameworks */,
				0E7C03F114E0F47500C39FEB /* CoreGraphics.framework in Frameworks */,
			);
			runOnlyForDeploymentPostprocessing = 0;
		};
/* End PBXFrameworksBuildPhase section */

/* Begin PBXGroup section */
		0E072A7814E10E2E00E59FCF /* KMImageCacheSample */ = {
			isa = PBXGroup;
			children = (
				0E072A7914E10E2E00E59FCF /* AppDelegate.h */,
				0E072A7A14E10E2E00E59FCF /* AppDelegate.m */,
				0E072A7B14E10E2E00E59FCF /* Classes */,
				0E072A8514E10E2E00E59FCF /* InfoPlist.strings */,
				0E072A8A14E10E2E00E59FCF /* KMImageCache-Info.plist */,
				0E072A8B14E10E2E00E59FCF /* KMImageCache-Prefix.pch */,
				0E072A8C14E10E2E00E59FCF /* main.m */,
				0E072A8D14E10E2E00E59FCF /* MojoDatabase */,
			);
			path = KMImageCacheSample;
			sourceTree = "<group>";
		};
		0E072A7B14E10E2E00E59FCF /* Classes */ = {
			isa = PBXGroup;
			children = (
				0E072A7C14E10E2E00E59FCF /* AppDatabase+KMImageCache.h */,
				0E072A7D14E10E2E00E59FCF /* AppDatabase+KMImageCache.m */,
				0E072A7E14E10E2E00E59FCF /* CachedImage.h */,
				0E072A7F14E10E2E00E59FCF /* CachedImage.m */,
				0E072A8014E10E2E00E59FCF /* ImageCacheManager.h */,
				0E072A8114E10E2E00E59FCF /* ImageCacheManager.m */,
				0E072A8214E10E2E00E59FCF /* KMImageCacheViewController.h */,
				0E072A8314E10E2E00E59FCF /* KMImageCacheViewController.m */,
				0E072A8414E10E2E00E59FCF /* KMImageCacheViewController.xib */,
			);
			path = Classes;
			sourceTree = "<group>";
		};
		0E072A8D14E10E2E00E59FCF /* MojoDatabase */ = {
			isa = PBXGroup;
			children = (
				0E072A8E14E10E2E00E59FCF /* AppDatabase.h */,
				0E072A8F14E10E2E00E59FCF /* AppDatabase.m */,
				0E072A9014E10E2E00E59FCF /* MojoDatabase.h */,
				0E072A9114E10E2E00E59FCF /* MojoDatabase.m */,
				0E072A9214E10E2E00E59FCF /* MojoModel.h */,
				0E072A9314E10E2E00E59FCF /* MojoModel.m */,
			);
			path = MojoDatabase;
			sourceTree = "<group>";
		};
		0E072AA114E10E5A00E59FCF /* KMImageCache */ = {
			isa = PBXGroup;
			children = (
				0E072AA214E10E5A00E59FCF /* KMImageCache.h */,
				0E072AA314E10E5A00E59FCF /* KMImageCache.m */,
			);
			path = KMImageCache;
			sourceTree = "<group>";
		};
		0E7C03DD14E0F47500C39FEB = {
			isa = PBXGroup;
			children = (
				0E072AA114E10E5A00E59FCF /* KMImageCache */,
				0E072A7814E10E2E00E59FCF /* KMImageCacheSample */,
				0E7C03EB14E0F47500C39FEB /* Frameworks */,
				0E7C03E914E0F47500C39FEB /* Products */,
			);
			sourceTree = "<group>";
		};
		0E7C03E914E0F47500C39FEB /* Products */ = {
			isa = PBXGroup;
			children = (
				0E7C03E814E0F47500C39FEB /* KMImageCache.app */,
			);
			name = Products;
			sourceTree = "<group>";
		};
		0E7C03EB14E0F47500C39FEB /* Frameworks */ = {
			isa = PBXGroup;
			children = (
				0E7C043714E0FD7C00C39FEB /* libsqlite3.0.dylib */,
				0E7C03EC14E0F47500C39FEB /* UIKit.framework */,
				0E7C03EE14E0F47500C39FEB /* Foundation.framework */,
				0E7C03F014E0F47500C39FEB /* CoreGraphics.framework */,
			);
			name = Frameworks;
			sourceTree = "<group>";
		};
/* End PBXGroup section */

/* Begin PBXNativeTarget section */
		0E7C03E714E0F47500C39FEB /* KMImageCache */ = {
			isa = PBXNativeTarget;
			buildConfigurationList = 0E7C040014E0F47500C39FEB /* Build configuration list for PBXNativeTarget "KMImageCache" */;
			buildPhases = (
				0E7C03E414E0F47500C39FEB /* Sources */,
				0E7C03E514E0F47500C39FEB /* Frameworks */,
				0E7C03E614E0F47500C39FEB /* Resources */,
			);
			buildRules = (
			);
			dependencies = (
			);
			name = KMImageCache;
			productName = KMImageCache;
			productReference = 0E7C03E814E0F47500C39FEB /* KMImageCache.app */;
			productType = "com.apple.product-type.application";
		};
/* End PBXNativeTarget section */

/* Begin PBXProject section */
		0E7C03DF14E0F47500C39FEB /* Project object */ = {
			isa = PBXProject;
			attributes = {
				LastUpgradeCheck = 0420;
			};
			buildConfigurationList = 0E7C03E214E0F47500C39FEB /* Build configuration list for PBXProject "KMImageCache" */;
			compatibilityVersion = "Xcode 3.2";
			developmentRegion = English;
			hasScannedForEncodings = 0;
			knownRegions = (
				en,
			);
			mainGroup = 0E7C03DD14E0F47500C39FEB;
			productRefGroup = 0E7C03E914E0F47500C39FEB /* Products */;
			projectDirPath = "";
			projectRoot = "";
			targets = (
				0E7C03E714E0F47500C39FEB /* KMImageCache */,
			);
		};
/* End PBXProject section */

/* Begin PBXResourcesBuildPhase section */
		0E7C03E614E0F47500C39FEB /* Resources */ = {
			isa = PBXResourcesBuildPhase;
			buildActionMask = 2147483647;
			files = (
				0E072A9914E10E2E00E59FCF /* KMImageCacheViewController.xib in Resources */,
				0E072A9A14E10E2E00E59FCF /* InfoPlist.strings in Resources */,
			);
			runOnlyForDeploymentPostprocessing = 0;
		};
/* End PBXResourcesBuildPhase section */

/* Begin PBXSourcesBuildPhase section */
		0E7C03E414E0F47500C39FEB /* Sources */ = {
			isa = PBXSourcesBuildPhase;
			buildActionMask = 2147483647;
			files = (
				0E072A9414E10E2E00E59FCF /* AppDelegate.m in Sources */,
				0E072A9514E10E2E00E59FCF /* AppDatabase+KMImageCache.m in Sources */,
				0E072A9614E10E2E00E59FCF /* CachedImage.m in Sources */,
				0E072A9714E10E2E00E59FCF /* ImageCacheManager.m in Sources */,
				0E072A9814E10E2E00E59FCF /* KMImageCacheViewController.m in Sources */,
				0E072A9D14E10E2E00E59FCF /* main.m in Sources */,
				0E072A9E14E10E2E00E59FCF /* AppDatabase.m in Sources */,
				0E072A9F14E10E2E00E59FCF /* MojoDatabase.m in Sources */,
				0E072AA014E10E2E00E59FCF /* MojoModel.m in Sources */,
				0E072AA414E10E5A00E59FCF /* KMImageCache.m in Sources */,
			);
			runOnlyForDeploymentPostprocessing = 0;
		};
/* End PBXSourcesBuildPhase section */

/* Begin PBXVariantGroup section */
		0E072A8514E10E2E00E59FCF /* InfoPlist.strings */ = {
			isa = PBXVariantGroup;
			children = (
				0E072A8614E10E2E00E59FCF /* en */,
			);
			name = InfoPlist.strings;
			sourceTree = "<group>";
		};
/* End PBXVariantGroup section */

/* Begin XCBuildConfiguration section */
		0E7C03FE14E0F47500C39FEB /* Debug */ = {
			isa = XCBuildConfiguration;
			buildSettings = {
				ALWAYS_SEARCH_USER_PATHS = NO;
				ARCHS = "$(ARCHS_STANDARD_32_BIT)";
				"CODE_SIGN_IDENTITY[sdk=iphoneos*]" = "iPhone Developer";
				COPY_PHASE_STRIP = NO;
				GCC_C_LANGUAGE_STANDARD = gnu99;
				GCC_DYNAMIC_NO_PIC = NO;
				GCC_OPTIMIZATION_LEVEL = 0;
				GCC_PREPROCESSOR_DEFINITIONS = (
					"DEBUG=1",
					"$(inherited)",
				);
				GCC_SYMBOLS_PRIVATE_EXTERN = NO;
				GCC_VERSION = com.apple.compilers.llvm.clang.1_0;
				GCC_WARN_ABOUT_MISSING_PROTOTYPES = YES;
				GCC_WARN_ABOUT_RETURN_TYPE = YES;
				GCC_WARN_UNUSED_VARIABLE = YES;
				IPHONEOS_DEPLOYMENT_TARGET = 5.0;
				SDKROOT = iphoneos;
			};
			name = Debug;
		};
		0E7C03FF14E0F47500C39FEB /* Release */ = {
			isa = XCBuildConfiguration;
			buildSettings = {
				ALWAYS_SEARCH_USER_PATHS = NO;
				ARCHS = "$(ARCHS_STANDARD_32_BIT)";
				"CODE_SIGN_IDENTITY[sdk=iphoneos*]" = "iPhone Developer";
				COPY_PHASE_STRIP = YES;
				GCC_C_LANGUAGE_STANDARD = gnu99;
				GCC_VERSION = com.apple.compilers.llvm.clang.1_0;
				GCC_WARN_ABOUT_MISSING_PROTOTYPES = YES;
				GCC_WARN_ABOUT_RETURN_TYPE = YES;
				GCC_WARN_UNUSED_VARIABLE = YES;
				IPHONEOS_DEPLOYMENT_TARGET = 5.0;
				OTHER_CFLAGS = "-DNS_BLOCK_ASSERTIONS=1";
				SDKROOT = iphoneos;
				VALIDATE_PRODUCT = YES;
			};
			name = Release;
		};
		0E7C040114E0F47500C39FEB /* Debug */ = {
			isa = XCBuildConfiguration;
			buildSettings = {
				GCC_PRECOMPILE_PREFIX_HEADER = YES;
				GCC_PREFIX_HEADER = "KMImageCacheSample/KMImageCache-Prefix.pch";
				INFOPLIST_FILE = "KMImageCacheSample/KMImageCache-Info.plist";
				PRODUCT_NAME = "$(TARGET_NAME)";
				WRAPPER_EXTENSION = app;
			};
			name = Debug;
		};
		0E7C040214E0F47500C39FEB /* Release */ = {
			isa = XCBuildConfiguration;
			buildSettings = {
				GCC_PRECOMPILE_PREFIX_HEADER = YES;
				GCC_PREFIX_HEADER = "KMImageCacheSample/KMImageCache-Prefix.pch";
				INFOPLIST_FILE = "KMImageCacheSample/KMImageCache-Info.plist";
				PRODUCT_NAME = "$(TARGET_NAME)";
				WRAPPER_EXTENSION = app;
			};
			name = Release;
		};
/* End XCBuildConfiguration section */

/* Begin XCConfigurationList section */
		0E7C03E214E0F47500C39FEB /* Build configuration list for PBXProject "KMImageCache" */ = {
			isa = XCConfigurationList;
			buildConfigurations = (
				0E7C03FE14E0F47500C39FEB /* Debug */,
				0E7C03FF14E0F47500C39FEB /* Release */,
			);
			defaultConfigurationIsVisible = 0;
			defaultConfigurationName = Release;
		};
		0E7C040014E0F47500C39FEB /* Build configuration list for PBXNativeTarget "KMImageCache" */ = {
			isa = XCConfigurationList;
			buildConfigurations = (
				0E7C040114E0F47500C39FEB /* Debug */,
				0E7C040214E0F47500C39FEB /* Release */,
			);
			defaultConfigurationIsVisible = 0;
			defaultConfigurationName = Release;
		};
/* End XCConfigurationList section */
	};
	rootObject = 0E7C03DF14E0F47500C39FEB /* Project object */;
}
